
Microsoft Visual Studio Solution File, Format Version 12.00
# Visual Studio Version 17
VisualStudioVersion = 17.5.33516.290
MinimumVisualStudioVersion = 10.0.40219.1
Project("{9A19103F-16F7-4668-BE54-9A1E7A4F7556}") = "Domain", "Domain\Domain.csproj", "{86F8318F-3ABF-4D26-A9F8-A2945C1A21F2}"
EndProject
Project("{9A19103F-16F7-4668-BE54-9A1E7A4F7556}") = "Shared", "Shared\Shared.csproj", "{66253D20-E066-4499-945E-5774CE108C91}"
EndProject
Project("{9A19103F-16F7-4668-BE54-9A1E7A4F7556}") = "Infrastructure", "Infrastructure\Infrastructure.csproj", "{3D45380D-148C-471D-B1F8-D538281BA4DC}"
EndProject
Project("{9A19103F-16F7-4668-BE54-9A1E7A4F7556}") = "API", "API\API.csproj", "{F6F0FDF2-ECB9-4B03-9C1D-E25BFE7F0E13}"
EndProject
Global
	GlobalSection(SolutionConfigurationPlatforms) = preSolution
		Debug|Any CPU = Debug|Any CPU
		Release|Any CPU = Release|Any CPU
	EndGlobalSection
	GlobalSection(ProjectConfigurationPlatforms) = postSolution
		{86F8318F-3ABF-4D26-A9F8-A2945C1A21F2}.Debug|Any CPU.ActiveCfg = Debug|Any CPU
		{86F8318F-3ABF-4D26-A9F8-A2945C1A21F2}.Debug|Any CPU.Build.0 = Debug|Any CPU
		{86F8318F-3ABF-4D26-A9F8-A2945C1A21F2}.Release|Any CPU.ActiveCfg = Release|Any CPU
		{86F8318F-3ABF-4D26-A9F8-A2945C1A21F2}.Release|Any CPU.Build.0 = Release|Any CPU
		{66253D20-E066-4499-945E-5774CE108C91}.Debug|Any CPU.ActiveCfg = Debug|Any CPU
		{66253D20-E066-4499-945E-5774CE108C91}.Debug|Any CPU.Build.0 = Debug|Any CPU
		{66253D20-E066-4499-945E-5774CE108C91}.Release|Any CPU.ActiveCfg = Release|Any CPU
		{66253D20-E066-4499-945E-5774CE108C91}.Release|Any CPU.Build.0 = Release|Any CPU
		{3D45380D-148C-471D-B1F8-D538281BA4DC}.Debug|Any CPU.ActiveCfg = Debug|Any CPU
		{3D45380D-148C-471D-B1F8-D538281BA4DC}.Debug|Any CPU.Build.0 = Debug|Any CPU
		{3D45380D-148C-471D-B1F8-D538281BA4DC}.Release|Any CPU.ActiveCfg = Release|Any CPU
		{3D45380D-148C-471D-B1F8-D538281BA4DC}.Release|Any CPU.Build.0 = Release|Any CPU
		{F6F0FDF2-ECB9-4B03-9C1D-E25BFE7F0E13}.Debug|Any CPU.ActiveCfg = Debug|Any CPU
		{F6F0FDF2-ECB9-4B03-9C1D-E25BFE7F0E13}.Debug|Any CPU.Build.0 = Debug|Any CPU
		{F6F0FDF2-ECB9-4B03-9C1D-E25BFE7F0E13}.Release|Any CPU.ActiveCfg = Release|Any CPU
		{F6F0FDF2-ECB9-4B03-9C1D-E25BFE7F0E13}.Release|Any CPU.Build.0 = Release|Any CPU
	EndGlobalSection
	GlobalSection(SolutionProperties) = preSolution
		HideSolutionNode = FALSE
	EndGlobalSection
	GlobalSection(ExtensibilityGlobals) = postSolution
		SolutionGuid = {1375E232-F9CE-4E0B-A17E-968D114C4AF3}
	EndGlobalSection
EndGlobal
